Microsoft Visual Studio Solution File, Format Version 11.00
# Visual Studio 2008

Project("{F12A1071-A013-0842-24B9-74A79F999B04}") = "WuTang", "Assembly-CSharp-firstpass.csproj", "{1F5491B2-E07F-7B64-4394-0B1693ECF44A}"
EndProject
Project("{F12A1071-A013-0842-24B9-74A79F999B04}") = "WuTang", "Assembly-CSharp.csproj", "{13A135D2-9066-AFF9-F399-B2D1106C3ACF}"
EndProject
Project("{F12A1071-A013-0842-24B9-74A79F999B04}") = "WuTang", "Assembly-CSharp-Editor-firstpass.csproj", "{47EAB812-F0B6-4960-56EF-415FF6BA7954}"
EndProject
Global
	GlobalSection(SolutionConfigurationPlatforms) = preSolution
		Debug|Any CPU = Debug|Any CPU
		Release|Any CPU = Release|Any CPU
	EndGlobalSection
	GlobalSection(ProjectConfigurationPlatforms) = postSolution
		{1F5491B2-E07F-7B64-4394-0B1693ECF44A}.Debug|Any CPU.ActiveCfg = Debug|Any CPU
		{1F5491B2-E07F-7B64-4394-0B1693ECF44A}.Debug|Any CPU.Build.0 = Debug|Any CPU
		{1F5491B2-E07F-7B64-4394-0B1693ECF44A}.Release|Any CPU.ActiveCfg = Release|Any CPU
		{1F5491B2-E07F-7B64-4394-0B1693ECF44A}.Release|Any CPU.Build.0 = Release|Any CPU
		{13A135D2-9066-AFF9-F399-B2D1106C3ACF}.Debug|Any CPU.ActiveCfg = Debug|Any CPU
		{13A135D2-9066-AFF9-F399-B2D1106C3ACF}.Debug|Any CPU.Build.0 = Debug|Any CPU
		{13A135D2-9066-AFF9-F399-B2D1106C3ACF}.Release|Any CPU.ActiveCfg = Release|Any CPU
		{13A135D2-9066-AFF9-F399-B2D1106C3ACF}.Release|Any CPU.Build.0 = Release|Any CPU
		{47EAB812-F0B6-4960-56EF-415FF6BA7954}.Debug|Any CPU.ActiveCfg = Debug|Any CPU
		{47EAB812-F0B6-4960-56EF-415FF6BA7954}.Debug|Any CPU.Build.0 = Debug|Any CPU
		{47EAB812-F0B6-4960-56EF-415FF6BA7954}.Release|Any CPU.ActiveCfg = Release|Any CPU
		{47EAB812-F0B6-4960-56EF-415FF6BA7954}.Release|Any CPU.Build.0 = Release|Any CPU
	EndGlobalSection
	GlobalSection(SolutionProperties) = preSolution
		HideSolutionNode = FALSE
	EndGlobalSection
	GlobalSection(MonoDevelopProperties) = preSolution
		StartupItem = Assembly-CSharp.csproj
	EndGlobalSection
EndGlobal
