
Microsoft Visual Studio Solution File, Format Version 12.00
# Visual Studio 2015
Project("{FAE04EC0-301F-11D3-BF4B-00C04F79EFBC}") = "WuTang.CSharp.Plugins", "WuTang.CSharp.Plugins.csproj", "{8C546219-798C-F3BD-C3A7-FF85A9B9A28B}"
EndProject
Project("{FAE04EC0-301F-11D3-BF4B-00C04F79EFBC}") = "WuTang.CSharp", "WuTang.CSharp.csproj", "{89C52734-AC3A-898E-4AD0-6DB984C08C81}"
EndProject
Project("{FAE04EC0-301F-11D3-BF4B-00C04F79EFBC}") = "WuTang.CSharp.Editor.Plugins", "WuTang.CSharp.Editor.Plugins.csproj", "{11C8A50D-78AE-0577-9974-A54B6C48A3F9}"
EndProject
Global
	GlobalSection(SolutionConfigurationPlatforms) = preSolution
		Debug|Any CPU = Debug|Any CPU
		Release|Any CPU = Release|Any CPU
	EndGlobalSection
	GlobalSection(ProjectConfigurationPlatforms) = postSolution
		{8C546219-798C-F3BD-C3A7-FF85A9B9A28B}.Debug|Any CPU.ActiveCfg = Debug|Any CPU
		{8C546219-798C-F3BD-C3A7-FF85A9B9A28B}.Debug|Any CPU.Build.0 = Debug|Any CPU
		{8C546219-798C-F3BD-C3A7-FF85A9B9A28B}.Release|Any CPU.ActiveCfg = Release|Any CPU
		{8C546219-798C-F3BD-C3A7-FF85A9B9A28B}.Release|Any CPU.Build.0 = Release|Any CPU
		{89C52734-AC3A-898E-4AD0-6DB984C08C81}.Debug|Any CPU.ActiveCfg = Debug|Any CPU
		{89C52734-AC3A-898E-4AD0-6DB984C08C81}.Debug|Any CPU.Build.0 = Debug|Any CPU
		{89C52734-AC3A-898E-4AD0-6DB984C08C81}.Release|Any CPU.ActiveCfg = Release|Any CPU
		{89C52734-AC3A-898E-4AD0-6DB984C08C81}.Release|Any CPU.Build.0 = Release|Any CPU
		{11C8A50D-78AE-0577-9974-A54B6C48A3F9}.Debug|Any CPU.ActiveCfg = Debug|Any CPU
		{11C8A50D-78AE-0577-9974-A54B6C48A3F9}.Debug|Any CPU.Build.0 = Debug|Any CPU
		{11C8A50D-78AE-0577-9974-A54B6C48A3F9}.Release|Any CPU.ActiveCfg = Release|Any CPU
		{11C8A50D-78AE-0577-9974-A54B6C48A3F9}.Release|Any CPU.Build.0 = Release|Any CPU
	EndGlobalSection
	GlobalSection(SolutionProperties) = preSolution
		HideSolutionNode = FALSE
	EndGlobalSection
EndGlobal
